
Microsoft Visual Studio Solution File, Format Version 12.00
# Visual Studio Version 17
VisualStudioVersion = 17.8.34309.116
MinimumVisualStudioVersion = 10.0.40219.1
Project("{FAE04EC0-301F-11D3-BF4B-00C04F79EFBC}") = "SP2", "SP2.csproj", "{C70C15A1-FA63-4B7B-AD91-4615A78ADA9D}"
EndProject
Global
	GlobalSection(SolutionConfigurationPlatforms) = preSolution
		Debug|Any CPU = Debug|Any CPU
		Release|Any CPU = Release|Any CPU
	EndGlobalSection
	GlobalSection(ProjectConfigurationPlatforms) = postSolution
		{C70C15A1-FA63-4B7B-AD91-4615A78ADA9D}.Debug|Any CPU.ActiveCfg = Debug|Any CPU
		{C70C15A1-FA63-4B7B-AD91-4615A78ADA9D}.Debug|Any CPU.Build.0 = Debug|Any CPU
		{C70C15A1-FA63-4B7B-AD91-4615A78ADA9D}.Release|Any CPU.ActiveCfg = Release|Any CPU
		{C70C15A1-FA63-4B7B-AD91-4615A78ADA9D}.Release|Any CPU.Build.0 = Release|Any CPU
	EndGlobalSection
	GlobalSection(SolutionProperties) = preSolution
		HideSolutionNode = FALSE
	EndGlobalSection
	GlobalSection(ExtensibilityGlobals) = postSolution
		SolutionGuid = {F13989C6-5971-4954-9B3C-40BC7949182F}
	EndGlobalSection
EndGlobal
